# THIS IS AN AUTOGENERATED FILE. DO NOT EDIT THIS FILE DIRECTLY.
# yarn lockfile v1
"@types/history@*":
  version "2.0.39"
  resolved "https://registry.yarnpkg.com/@types/history/-/history-2.0.39.tgz#f07c1a770dc95f17d439bd22648109fde1bcd9ad"

"@types/react", "@types/react@*":
  version "0.14.44"
  resolved "https://registry.yarnpkg.com/@types/react/-/react-0.14.44.tgz#033f0b63691b489adfce2397c93d8bcafe7f7356"

"@types/react-dom":
  version "0.14.18"
  resolved "https://registry.yarnpkg.com/@types/react-dom/-/react-dom-0.14.18.tgz#af4fb4092f433667f5f094e762b32c294e0010dc"
  dependencies:
    "@types/react" "*"

"@types/react-router", "@types/react-router@*":
  version "2.0.38"
  resolved "https://registry.yarnpkg.com/@types/react-router/-/react-router-2.0.38.tgz#24a4612cfd97f6ddbf3b32e0c2c9b942899aa36d"

"@types/react-router-redux":
  version "4.0.34"
  resolved "https://registry.yarnpkg.com/@types/react-router-redux/-/react-router-redux-4.0.34.tgz#025946f7857a46eedeba14da042835250529f0f1"
  dependencies:
    "@types/history" "*"
    "@types/react-router" "*"
    "@types/redux" "*"

"@types/redux@*":
  version "3.6.31"
  resolved "https://registry.yarnpkg.com/@types/redux/-/redux-3.6.31.tgz#40eafa7575db36b912ce0059b85de98c205b0708"

